
Microsoft Visual Studio Solution File, Format Version 12.00
# Visual Studio Version 17
VisualStudioVersion = 17.14.36414.22 d17.14
MinimumVisualStudioVersion = 10.0.40219.1
Project("{FAE04EC0-301F-11D3-BF4B-00C04F79EFBC}") = "Onyx", "Onyx\Onyx.csproj", "{474EAAE9-7BDD-43F9-B5FE-D43974B686FE}"
EndProject
Global
	GlobalSection(SolutionConfigurationPlatforms) = preSolution
		Debug|Any CPU = Debug|Any CPU
		Release|Any CPU = Release|Any CPU
	EndGlobalSection
	GlobalSection(ProjectConfigurationPlatforms) = postSolution
		{474EAAE9-7BDD-43F9-B5FE-D43974B686FE}.Debug|Any CPU.ActiveCfg = Debug|Any CPU
		{474EAAE9-7BDD-43F9-B5FE-D43974B686FE}.Debug|Any CPU.Build.0 = Debug|Any CPU
		{474EAAE9-7BDD-43F9-B5FE-D43974B686FE}.Release|Any CPU.ActiveCfg = Release|Any CPU
		{474EAAE9-7BDD-43F9-B5FE-D43974B686FE}.Release|Any CPU.Build.0 = Release|Any CPU
	EndGlobalSection
	GlobalSection(SolutionProperties) = preSolution
		HideSolutionNode = FALSE
	EndGlobalSection
	GlobalSection(ExtensibilityGlobals) = postSolution
		SolutionGuid = {529FB0DD-0162-4C2A-A08D-A0D76900FAFA}
	EndGlobalSection
EndGlobal
